// !$*UTF8*$!
{
	archiveVersion = 1;
	classes = {
	};
	objectVersion = 46;
	objects = {

/* Begin PBXBuildFile section */
		ACE741FC1EAE20E000720C70 /* main.m in Sources */ = {isa = PBXBuildFile; fileRef = ACE741FB1EAE20E000720C70 /* main.m */; };
		ACE741FF1EAE20E000720C70 /* AppDelegate.m in Sources */ = {isa = PBXBuildFile; fileRef = ACE741FE1EAE20E000720C70 /* AppDelegate.m */; };
		ACE742021EAE20E000720C70 /* ViewController.m in Sources */ = {isa = PBXBuildFile; fileRef = ACE742011EAE20E000720C70 /* ViewController.m */; };
		ACE742051EAE20E000720C70 /* Main.storyboard in Resources */ = {isa = PBXBuildFile; fileRef = ACE742031EAE20E000720C70 /* Main.storyboard */; };
		ACE742071EAE20E000720C70 /* Assets.xcassets in Resources */ = {isa = PBXBuildFile; fileRef = ACE742061EAE20E000720C70 /* Assets.xcassets */; };
		ACE7420A1EAE20E000720C70 /* LaunchScreen.storyboard in Resources */ = {isa = PBXBuildFile; fileRef = ACE742081EAE20E000720C70 /* LaunchScreen.storyboard */; };
		ACE742151EAE20E000720C70 /* PBFCommonWebviewTests.m in Sources */ = {isa = PBXBuildFile; fileRef = ACE742141EAE20E000720C70 /* PBFCommonWebviewTests.m */; };
		ACE742201EAE20E000720C70 /* PBFCommonWebviewUITests.m in Sources */ = {isa = PBXBuildFile; fileRef = ACE7421F1EAE20E000720C70 /* PBFCommonWebviewUITests.m */; };
		ACE742331EAE24F100720C70 /* PBFCommonWebview.m in Sources */ = {isa = PBXBuildFile; fileRef = ACE742321EAE24F100720C70 /* PBFCommonWebview.m */; };
		ACE742361EAE25F000720C70 /* WebKit.framework in Frameworks */ = {isa = PBXBuildFile; fileRef = ACE742351EAE25F000720C70 /* WebKit.framework */; };
		ACE742411EAF349800720C70 /* PBFCommonWebview+UIWebView.m in Sources */ = {isa = PBXBuildFile; fileRef = ACE742401EAF349800720C70 /* PBFCommonWebview+UIWebView.m */; };
		ACE742441EAF3DB100720C70 /* PBFCommonWebview+WKWebView.m in Sources */ = {isa = PBXBuildFile; fileRef = ACE742431EAF3DB100720C70 /* PBFCommonWebview+WKWebView.m */; };
		ACE7426E1EAF85C900720C70 /* PBFCommonWebviewConfiguration.m in Sources */ = {isa = PBXBuildFile; fileRef = ACE7426D1EAF85C900720C70 /* PBFCommonWebviewConfiguration.m */; };
/* End PBXBuildFile section */

/* Begin PBXContainerItemProxy section */
		ACE742111EAE20E000720C70 /* PBXContainerItemProxy */ = {
			isa = PBXContainerItemProxy;
			containerPortal = ACE741EF1EAE20E000720C70 /* Project object */;
			proxyType = 1;
			remoteGlobalIDString = ACE741F61EAE20E000720C70;
			remoteInfo = PBFCommonWebview;
		};
		ACE7421C1EAE20E000720C70 /* PBXContainerItemProxy */ = {
			isa = PBXContainerItemProxy;
			containerPortal = ACE741EF1EAE20E000720C70 /* Project object */;
			proxyType = 1;
			remoteGlobalIDString = ACE741F61EAE20E000720C70;
			remoteInfo = PBFCommonWebview;
		};
/* End PBXContainerItemProxy section */

/* Begin PBXFileReference section */
		ACE741F71EAE20E000720C70 /* PBFCommonWebview.app */ = {isa = PBXFileReference; explicitFileType = wrapper.application; includeInIndex = 0; path = PBFCommonWebview.app; sourceTree = BUILT_PRODUCTS_DIR; };
		ACE741FB1EAE20E000720C70 /* main.m */ = {isa = PBXFileReference; lastKnownFileType = sourcecode.c.objc; path = main.m; sourceTree = "<group>"; };
		ACE741FD1EAE20E000720C70 /* AppDelegate.h */ = {isa = PBXFileReference; lastKnownFileType = sourcecode.c.h; path = AppDelegate.h; sourceTree = "<group>"; };
		ACE741FE1EAE20E000720C70 /* AppDelegate.m */ = {isa = PBXFileReference; lastKnownFileType = sourcecode.c.objc; path = AppDelegate.m; sourceTree = "<group>"; };
		ACE742001EAE20E000720C70 /* ViewController.h */ = {isa = PBXFileReference; lastKnownFileType = sourcecode.c.h; path = ViewController.h; sourceTree = "<group>"; };
		ACE742011EAE20E000720C70 /* ViewController.m */ = {isa = PBXFileReference; lastKnownFileType = sourcecode.c.objc; path = ViewController.m; sourceTree = "<group>"; };
		ACE742041EAE20E000720C70 /* Base */ = {isa = PBXFileReference; lastKnownFileType = file.storyboard; name = Base; path = Base.lproj/Main.storyboard; sourceTree = "<group>"; };
		ACE742061EAE20E000720C70 /* Assets.xcassets */ = {isa = PBXFileReference; lastKnownFileType = folder.assetcatalog; path = Assets.xcassets; sourceTree = "<group>"; };
		ACE742091EAE20E000720C70 /* Base */ = {isa = PBXFileReference; lastKnownFileType = file.storyboard; name = Base; path = Base.lproj/LaunchScreen.storyboard; sourceTree = "<group>"; };
		ACE7420B1EAE20E000720C70 /* Info.plist */ = {isa = PBXFileReference; lastKnownFileType = text.plist.xml; path = Info.plist; sourceTree = "<group>"; };
		ACE742101EAE20E000720C70 /* PBFCommonWebviewTests.xctest */ = {isa = PBXFileReference; explicitFileType = wrapper.cfbundle; includeInIndex = 0; path = PBFCommonWebviewTests.xctest; sourceTree = BUILT_PRODUCTS_DIR; };
		ACE742141EAE20E000720C70 /* PBFCommonWebviewTests.m */ = {isa = PBXFileReference; lastKnownFileType = sourcecode.c.objc; path = PBFCommonWebviewTests.m; sourceTree = "<group>"; };
		ACE742161EAE20E000720C70 /* Info.plist */ = {isa = PBXFileReference; lastKnownFileType = text.plist.xml; path = Info.plist; sourceTree = "<group>"; };
		ACE7421B1EAE20E000720C70 /* PBFCommonWebviewUITests.xctest */ = {isa = PBXFileReference; explicitFileType = wrapper.cfbundle; includeInIndex = 0; path = PBFCommonWebviewUITests.xctest; sourceTree = BUILT_PRODUCTS_DIR; };
		ACE7421F1EAE20E000720C70 /* PBFCommonWebviewUITests.m */ = {isa = PBXFileReference; lastKnownFileType = sourcecode.c.objc; path = PBFCommonWebviewUITests.m; sourceTree = "<group>"; };
		ACE742211EAE20E000720C70 /* Info.plist */ = {isa = PBXFileReference; lastKnownFileType = text.plist.xml; path = Info.plist; sourceTree = "<group>"; };
		ACE742311EAE24F100720C70 /* PBFCommonWebview.h */ = {isa = PBXFileReference; fileEncoding = 4; lastKnownFileType = sourcecode.c.h; path = PBFCommonWebview.h; sourceTree = "<group>"; };
		ACE742321EAE24F100720C70 /* PBFCommonWebview.m */ = {isa = PBXFileReference; fileEncoding = 4; lastKnownFileType = sourcecode.c.objc; path = PBFCommonWebview.m; sourceTree = "<group>"; };
		ACE742351EAE25F000720C70 /* WebKit.framework */ = {isa = PBXFileReference; lastKnownFileType = wrapper.framework; name = WebKit.framework; path = System/Library/Frameworks/WebKit.framework; sourceTree = SDKROOT; };
		ACE7423A1EAE2A7400720C70 /* PBFCommonWebviewHeader.h */ = {isa = PBXFileReference; fileEncoding = 4; lastKnownFileType = sourcecode.c.h; path = PBFCommonWebviewHeader.h; sourceTree = "<group>"; };
		ACE7423F1EAF349800720C70 /* PBFCommonWebview+UIWebView.h */ = {isa = PBXFileReference; fileEncoding = 4; lastKnownFileType = sourcecode.c.h; path = "PBFCommonWebview+UIWebView.h"; sourceTree = "<group>"; };
		ACE742401EAF349800720C70 /* PBFCommonWebview+UIWebView.m */ = {isa = PBXFileReference; fileEncoding = 4; lastKnownFileType = sourcecode.c.objc; path = "PBFCommonWebview+UIWebView.m"; sourceTree = "<group>"; };
		ACE742421EAF3DB100720C70 /* PBFCommonWebview+WKWebView.h */ = {isa = PBXFileReference; fileEncoding = 4; lastKnownFileType = sourcecode.c.h; path = "PBFCommonWebview+WKWebView.h"; sourceTree = "<group>"; };
		ACE742431EAF3DB100720C70 /* PBFCommonWebview+WKWebView.m */ = {isa = PBXFileReference; fileEncoding = 4; lastKnownFileType = sourcecode.c.objc; path = "PBFCommonWebview+WKWebView.m"; sourceTree = "<group>"; };
		ACE7426C1EAF85C900720C70 /* PBFCommonWebviewConfiguration.h */ = {isa = PBXFileReference; fileEncoding = 4; lastKnownFileType = sourcecode.c.h; path = PBFCommonWebviewConfiguration.h; sourceTree = "<group>"; };
		ACE7426D1EAF85C900720C70 /* PBFCommonWebviewConfiguration.m */ = {isa = PBXFileReference; fileEncoding = 4; lastKnownFileType = sourcecode.c.objc; path = PBFCommonWebviewConfiguration.m; sourceTree = "<group>"; };
/* End PBXFileReference section */

/* Begin PBXFrameworksBuildPhase section */
		ACE741F41EAE20E000720C70 /* Frameworks */ = {
			isa = PBXFrameworksBuildPhase;
			buildActionMask = 2147483647;
			files = (
				ACE742361EAE25F000720C70 /* WebKit.framework in Frameworks */,
			);
			runOnlyForDeploymentPostprocessing = 0;
		};
		ACE7420D1EAE20E000720C70 /* Frameworks */ = {
			isa = PBXFrameworksBuildPhase;
			buildActionMask = 2147483647;
			files = (
			);
			runOnlyForDeploymentPostprocessing = 0;
		};
		ACE742181EAE20E000720C70 /* Frameworks */ = {
			isa = PBXFrameworksBuildPhase;
			buildActionMask = 2147483647;
			files = (
			);
			runOnlyForDeploymentPostprocessing = 0;
		};
/* End PBXFrameworksBuildPhase section */

/* Begin PBXGroup section */
		ACE741EE1EAE20E000720C70 = {
			isa = PBXGroup;
			children = (
				ACE741F91EAE20E000720C70 /* PBFCommonWebview */,
				ACE742131EAE20E000720C70 /* PBFCommonWebviewTests */,
				ACE7421E1EAE20E000720C70 /* PBFCommonWebviewUITests */,
				ACE741F81EAE20E000720C70 /* Products */,
				ACE742341EAE25F000720C70 /* Frameworks */,
			);
			sourceTree = "<group>";
		};
		ACE741F81EAE20E000720C70 /* Products */ = {
			isa = PBXGroup;
			children = (
				ACE741F71EAE20E000720C70 /* PBFCommonWebview.app */,
				ACE742101EAE20E000720C70 /* PBFCommonWebviewTests.xctest */,
				ACE7421B1EAE20E000720C70 /* PBFCommonWebviewUITests.xctest */,
			);
			name = Products;
			sourceTree = "<group>";
		};
		ACE741F91EAE20E000720C70 /* PBFCommonWebview */ = {
			isa = PBXGroup;
			children = (
				ACE7422D1EAE220900720C70 /* Class */,
				ACE741FD1EAE20E000720C70 /* AppDelegate.h */,
				ACE741FE1EAE20E000720C70 /* AppDelegate.m */,
				ACE742001EAE20E000720C70 /* ViewController.h */,
				ACE742011EAE20E000720C70 /* ViewController.m */,
				ACE742031EAE20E000720C70 /* Main.storyboard */,
				ACE742061EAE20E000720C70 /* Assets.xcassets */,
				ACE742081EAE20E000720C70 /* LaunchScreen.storyboard */,
				ACE7420B1EAE20E000720C70 /* Info.plist */,
				ACE741FA1EAE20E000720C70 /* Supporting Files */,
			);
			path = PBFCommonWebview;
			sourceTree = "<group>";
		};
		ACE741FA1EAE20E000720C70 /* Supporting Files */ = {
			isa = PBXGroup;
			children = (
				ACE741FB1EAE20E000720C70 /* main.m */,
			);
			name = "Supporting Files";
			sourceTree = "<group>";
		};
		ACE742131EAE20E000720C70 /* PBFCommonWebviewTests */ = {
			isa = PBXGroup;
			children = (
				ACE742141EAE20E000720C70 /* PBFCommonWebviewTests.m */,
				ACE742161EAE20E000720C70 /* Info.plist */,
			);
			path = PBFCommonWebviewTests;
			sourceTree = "<group>";
		};
		ACE7421E1EAE20E000720C70 /* PBFCommonWebviewUITests */ = {
			isa = PBXGroup;
			children = (
				ACE7421F1EAE20E000720C70 /* PBFCommonWebviewUITests.m */,
				ACE742211EAE20E000720C70 /* Info.plist */,
			);
			path = PBFCommonWebviewUITests;
			sourceTree = "<group>";
		};
		ACE7422D1EAE220900720C70 /* Class */ = {
			isa = PBXGroup;
			children = (
				ACE7423A1EAE2A7400720C70 /* PBFCommonWebviewHeader.h */,
				ACE7426C1EAF85C900720C70 /* PBFCommonWebviewConfiguration.h */,
				ACE7426D1EAF85C900720C70 /* PBFCommonWebviewConfiguration.m */,
				ACE742311EAE24F100720C70 /* PBFCommonWebview.h */,
				ACE742321EAE24F100720C70 /* PBFCommonWebview.m */,
				ACE7423F1EAF349800720C70 /* PBFCommonWebview+UIWebView.h */,
				ACE742401EAF349800720C70 /* PBFCommonWebview+UIWebView.m */,
				ACE742421EAF3DB100720C70 /* PBFCommonWebview+WKWebView.h */,
				ACE742431EAF3DB100720C70 /* PBFCommonWebview+WKWebView.m */,
			);
			path = Class;
			sourceTree = "<group>";
		};
		ACE742341EAE25F000720C70 /* Frameworks */ = {
			isa = PBXGroup;
			children = (
				ACE742351EAE25F000720C70 /* WebKit.framework */,
			);
			name = Frameworks;
			sourceTree = "<group>";
		};
/* End PBXGroup section */

/* Begin PBXNativeTarget section */
		ACE741F61EAE20E000720C70 /* PBFCommonWebview */ = {
			isa = PBXNativeTarget;
			buildConfigurationList = ACE742241EAE20E000720C70 /* Build configuration list for PBXNativeTarget "PBFCommonWebview" */;
			buildPhases = (
				ACE741F31EAE20E000720C70 /* Sources */,
				ACE741F41EAE20E000720C70 /* Frameworks */,
				ACE741F51EAE20E000720C70 /* Resources */,
			);
			buildRules = (
			);
			dependencies = (
			);
			name = PBFCommonWebview;
			productName = PBFCommonWebview;
			productReference = ACE741F71EAE20E000720C70 /* PBFCommonWebview.app */;
			productType = "com.apple.product-type.application";
		};
		ACE7420F1EAE20E000720C70 /* PBFCommonWebviewTests */ = {
			isa = PBXNativeTarget;
			buildConfigurationList = ACE742271EAE20E000720C70 /* Build configuration list for PBXNativeTarget "PBFCommonWebviewTests" */;
			buildPhases = (
				ACE7420C1EAE20E000720C70 /* Sources */,
				ACE7420D1EAE20E000720C70 /* Frameworks */,
				ACE7420E1EAE20E000720C70 /* Resources */,
			);
			buildRules = (
			);
			dependencies = (
				ACE742121EAE20E000720C70 /* PBXTargetDependency */,
			);
			name = PBFCommonWebviewTests;
			productName = PBFCommonWebviewTests;
			productReference = ACE742101EAE20E000720C70 /* PBFCommonWebviewTests.xctest */;
			productType = "com.apple.product-type.bundle.unit-test";
		};
		ACE7421A1EAE20E000720C70 /* PBFCommonWebviewUITests */ = {
			isa = PBXNativeTarget;
			buildConfigurationList = ACE7422A1EAE20E000720C70 /* Build configuration list for PBXNativeTarget "PBFCommonWebviewUITests" */;
			buildPhases = (
				ACE742171EAE20E000720C70 /* Sources */,
				ACE742181EAE20E000720C70 /* Frameworks */,
				ACE742191EAE20E000720C70 /* Resources */,
			);
			buildRules = (
			);
			dependencies = (
				ACE7421D1EAE20E000720C70 /* PBXTargetDependency */,
			);
			name = PBFCommonWebviewUITests;
			productName = PBFCommonWebviewUITests;
			productReference = ACE7421B1EAE20E000720C70 /* PBFCommonWebviewUITests.xctest */;
			productType = "com.apple.product-type.bundle.ui-testing";
		};
/* End PBXNativeTarget section */

/* Begin PBXProject section */
		ACE741EF1EAE20E000720C70 /* Project object */ = {
			isa = PBXProject;
			attributes = {
				LastUpgradeCheck = 0820;
				ORGANIZATIONNAME = PACFB;
				TargetAttributes = {
					ACE741F61EAE20E000720C70 = {
						CreatedOnToolsVersion = 8.2.1;
						DevelopmentTeam = UP84TZHWYP;
						ProvisioningStyle = Automatic;
					};
					ACE7420F1EAE20E000720C70 = {
						CreatedOnToolsVersion = 8.2.1;
						DevelopmentTeam = UP84TZHWYP;
						ProvisioningStyle = Automatic;
						TestTargetID = ACE741F61EAE20E000720C70;
					};
					ACE7421A1EAE20E000720C70 = {
						CreatedOnToolsVersion = 8.2.1;
						DevelopmentTeam = UP84TZHWYP;
						ProvisioningStyle = Automatic;
						TestTargetID = ACE741F61EAE20E000720C70;
					};
				};
			};
			buildConfigurationList = ACE741F21EAE20E000720C70 /* Build configuration list for PBXProject "PBFCommonWebview" */;
			compatibilityVersion = "Xcode 3.2";
			developmentRegion = English;
			hasScannedForEncodings = 0;
			knownRegions = (
				en,
				Base,
			);
			mainGroup = ACE741EE1EAE20E000720C70;
			productRefGroup = ACE741F81EAE20E000720C70 /* Products */;
			projectDirPath = "";
			projectRoot = "";
			targets = (
				ACE741F61EAE20E000720C70 /* PBFCommonWebview */,
				ACE7420F1EAE20E000720C70 /* PBFCommonWebviewTests */,
				ACE7421A1EAE20E000720C70 /* PBFCommonWebviewUITests */,
			);
		};
/* End PBXProject section */

/* Begin PBXResourcesBuildPhase section */
		ACE741F51EAE20E000720C70 /* Resources */ = {
			isa = PBXResourcesBuildPhase;
			buildActionMask = 2147483647;
			files = (
				ACE7420A1EAE20E000720C70 /* LaunchScreen.storyboard in Resources */,
				ACE742071EAE20E000720C70 /* Assets.xcassets in Resources */,
				ACE742051EAE20E000720C70 /* Main.storyboard in Resources */,
			);
			runOnlyForDeploymentPostprocessing = 0;
		};
		ACE7420E1EAE20E000720C70 /* Resources */ = {
			isa = PBXResourcesBuildPhase;
			buildActionMask = 2147483647;
			files = (
			);
			runOnlyForDeploymentPostprocessing = 0;
		};
		ACE742191EAE20E000720C70 /* Resources */ = {
			isa = PBXResourcesBuildPhase;
			buildActionMask = 2147483647;
			files = (
			);
			runOnlyForDeploymentPostprocessing = 0;
		};
/* End PBXResourcesBuildPhase section */

/* Begin PBXSourcesBuildPhase section */
		ACE741F31EAE20E000720C70 /* Sources */ = {
			isa = PBXSourcesBuildPhase;
			buildActionMask = 2147483647;
			files = (
				ACE742021EAE20E000720C70 /* ViewController.m in Sources */,
				ACE742411EAF349800720C70 /* PBFCommonWebview+UIWebView.m in Sources */,
				ACE7426E1EAF85C900720C70 /* PBFCommonWebviewConfiguration.m in Sources */,
				ACE741FF1EAE20E000720C70 /* AppDelegate.m in Sources */,
				ACE742441EAF3DB100720C70 /* PBFCommonWebview+WKWebView.m in Sources */,
				ACE741FC1EAE20E000720C70 /* main.m in Sources */,
				ACE742331EAE24F100720C70 /* PBFCommonWebview.m in Sources */,
			);
			runOnlyForDeploymentPostprocessing = 0;
		};
		ACE7420C1EAE20E000720C70 /* Sources */ = {
			isa = PBXSourcesBuildPhase;
			buildActionMask = 2147483647;
			files = (
				ACE742151EAE20E000720C70 /* PBFCommonWebviewTests.m in Sources */,
			);
			runOnlyForDeploymentPostprocessing = 0;
		};
		ACE742171EAE20E000720C70 /* Sources */ = {
			isa = PBXSourcesBuildPhase;
			buildActionMask = 2147483647;
			files = (
				ACE742201EAE20E000720C70 /* PBFCommonWebviewUITests.m in Sources */,
			);
			runOnlyForDeploymentPostprocessing = 0;
		};
/* End PBXSourcesBuildPhase section */

/* Begin PBXTargetDependency section */
		ACE742121EAE20E000720C70 /* PBXTargetDependency */ = {
			isa = PBXTargetDependency;
			target = ACE741F61EAE20E000720C70 /* PBFCommonWebview */;
			targetProxy = ACE742111EAE20E000720C70 /* PBXContainerItemProxy */;
		};
		ACE7421D1EAE20E000720C70 /* PBXTargetDependency */ = {
			isa = PBXTargetDependency;
			target = ACE741F61EAE20E000720C70 /* PBFCommonWebview */;
			targetProxy = ACE7421C1EAE20E000720C70 /* PBXContainerItemProxy */;
		};
/* End PBXTargetDependency section */

/* Begin PBXVariantGroup section */
		ACE742031EAE20E000720C70 /* Main.storyboard */ = {
			isa = PBXVariantGroup;
			children = (
				ACE742041EAE20E000720C70 /* Base */,
			);
			name = Main.storyboard;
			sourceTree = "<group>";
		};
		ACE742081EAE20E000720C70 /* LaunchScreen.storyboard */ = {
			isa = PBXVariantGroup;
			children = (
				ACE742091EAE20E000720C70 /* Base */,
			);
			name = LaunchScreen.storyboard;
			sourceTree = "<group>";
		};
/* End PBXVariantGroup section */

/* Begin XCBuildConfiguration section */
		ACE742221EAE20E000720C70 /* Debug */ = {
			isa = XCBuildConfiguration;
			buildSettings = {
				ALWAYS_SEARCH_USER_PATHS = NO;
				CLANG_ANALYZER_NONNULL = YES;
				CLANG_CXX_LANGUAGE_STANDARD = "gnu++0x";
				CLANG_CXX_LIBRARY = "libc++";
				CLANG_ENABLE_MODULES = YES;
				CLANG_ENABLE_OBJC_ARC = YES;
				CLANG_WARN_BOOL_CONVERSION = YES;
				CLANG_WARN_CONSTANT_CONVERSION = YES;
				CLANG_WARN_DIRECT_OBJC_ISA_USAGE = YES_ERROR;
				CLANG_WARN_DOCUMENTATION_COMMENTS = YES;
				CLANG_WARN_EMPTY_BODY = YES;
				CLANG_WARN_ENUM_CONVERSION = YES;
				CLANG_WARN_INFINITE_RECURSION = YES;
				CLANG_WARN_INT_CONVERSION = YES;
				CLANG_WARN_OBJC_ROOT_CLASS = YES_ERROR;
				CLANG_WARN_SUSPICIOUS_MOVE = YES;
				CLANG_WARN_UNREACHABLE_CODE = YES;
				CLANG_WARN__DUPLICATE_METHOD_MATCH = YES;
				"CODE_SIGN_IDENTITY[sdk=iphoneos*]" = "iPhone Developer";
				COPY_PHASE_STRIP = NO;
				DEBUG_INFORMATION_FORMAT = dwarf;
				ENABLE_STRICT_OBJC_MSGSEND = YES;
				ENABLE_TESTABILITY = YES;
				GCC_C_LANGUAGE_STANDARD = gnu99;
				GCC_DYNAMIC_NO_PIC = NO;
				GCC_NO_COMMON_BLOCKS = YES;
				GCC_OPTIMIZATION_LEVEL = 0;
				GCC_PREPROCESSOR_DEFINITIONS = (
					"DEBUG=1",
					"$(inherited)",
				);
				GCC_WARN_64_TO_32_BIT_CONVERSION = YES;
				GCC_WARN_ABOUT_RETURN_TYPE = YES_ERROR;
				GCC_WARN_UNDECLARED_SELECTOR = YES;
				GCC_WARN_UNINITIALIZED_AUTOS = YES_AGGRESSIVE;
				GCC_WARN_UNUSED_FUNCTION = YES;
				GCC_WARN_UNUSED_VARIABLE = YES;
				IPHONEOS_DEPLOYMENT_TARGET = 10.2;
				MTL_ENABLE_DEBUG_INFO = YES;
				ONLY_ACTIVE_ARCH = YES;
				SDKROOT = iphoneos;
				TARGETED_DEVICE_FAMILY = "1,2";
			};
			name = Debug;
		};
		ACE742231EAE20E000720C70 /* Release */ = {
			isa = XCBuildConfiguration;
			buildSettings = {
				ALWAYS_SEARCH_USER_PATHS = NO;
				CLANG_ANALYZER_NONNULL = YES;
				CLANG_CXX_LANGUAGE_STANDARD = "gnu++0x";
				CLANG_CXX_LIBRARY = "libc++";
				CLANG_ENABLE_MODULES = YES;
				CLANG_ENABLE_OBJC_ARC = YES;
				CLANG_WARN_BOOL_CONVERSION = YES;
				CLANG_WARN_CONSTANT_CONVERSION = YES;
				CLANG_WARN_DIRECT_OBJC_ISA_USAGE = YES_ERROR;
				CLANG_WARN_DOCUMENTATION_COMMENTS = YES;
				CLANG_WARN_EMPTY_BODY = YES;
				CLANG_WARN_ENUM_CONVERSION = YES;
				CLANG_WARN_INFINITE_RECURSION = YES;
				CLANG_WARN_INT_CONVERSION = YES;
				CLANG_WARN_OBJC_ROOT_CLASS = YES_ERROR;
				CLANG_WARN_SUSPICIOUS_MOVE = YES;
				CLANG_WARN_UNREACHABLE_CODE = YES;
				CLANG_WARN__DUPLICATE_METHOD_MATCH = YES;
				"CODE_SIGN_IDENTITY[sdk=iphoneos*]" = "iPhone Developer";
				COPY_PHASE_STRIP = NO;
				DEBUG_INFORMATION_FORMAT = "dwarf-with-dsym";
				ENABLE_NS_ASSERTIONS = NO;
				ENABLE_STRICT_OBJC_MSGSEND = YES;
				GCC_C_LANGUAGE_STANDARD = gnu99;
				GCC_NO_COMMON_BLOCKS = YES;
				GCC_WARN_64_TO_32_BIT_CONVERSION = YES;
				GCC_WARN_ABOUT_RETURN_TYPE = YES_ERROR;
				GCC_WARN_UNDECLARED_SELECTOR = YES;
				GCC_WARN_UNINITIALIZED_AUTOS = YES_AGGRESSIVE;
				GCC_WARN_UNUSED_FUNCTION = YES;
				GCC_WARN_UNUSED_VARIABLE = YES;
				IPHONEOS_DEPLOYMENT_TARGET = 10.2;
				MTL_ENABLE_DEBUG_INFO = NO;
				SDKROOT = iphoneos;
				TARGETED_DEVICE_FAMILY = "1,2";
				VALIDATE_PRODUCT = YES;
			};
			name = Release;
		};
		ACE742251EAE20E000720C70 /* Debug */ = {
			isa = XCBuildConfiguration;
			buildSettings = {
				ASSETCATALOG_COMPILER_APPICON_NAME = AppIcon;
				DEVELOPMENT_TEAM = UP84TZHWYP;
				INFOPLIST_FILE = PBFCommonWebview/Info.plist;
				IPHONEOS_DEPLOYMENT_TARGET = 8.1;
				LD_RUNPATH_SEARCH_PATHS = "$(inherited) @executable_path/Frameworks";
				PRODUCT_BUNDLE_IDENTIFIER = com.pingan.pacaifubaoent;
				PRODUCT_NAME = "$(TARGET_NAME)";
			};
			name = Debug;
		};
		ACE742261EAE20E000720C70 /* Release */ = {
			isa = XCBuildConfiguration;
			buildSettings = {
				ASSETCATALOG_COMPILER_APPICON_NAME = AppIcon;
				DEVELOPMENT_TEAM = UP84TZHWYP;
				INFOPLIST_FILE = PBFCommonWebview/Info.plist;
				IPHONEOS_DEPLOYMENT_TARGET = 8.1;
				LD_RUNPATH_SEARCH_PATHS = "$(inherited) @executable_path/Frameworks";
				PRODUCT_BUNDLE_IDENTIFIER = com.pingan.pacaifubaoent;
				PRODUCT_NAME = "$(TARGET_NAME)";
			};
			name = Release;
		};
		ACE742281EAE20E000720C70 /* Debug */ = {
			isa = XCBuildConfiguration;
			buildSettings = {
				BUNDLE_LOADER = "$(TEST_HOST)";
				DEVELOPMENT_TEAM = UP84TZHWYP;
				INFOPLIST_FILE = PBFCommonWebviewTests/Info.plist;
				LD_RUNPATH_SEARCH_PATHS = "$(inherited) @executable_path/Frameworks @loader_path/Frameworks";
				PRODUCT_BUNDLE_IDENTIFIER = com.pingan.caifubaoent.PBFCommonWebviewTests;
				PRODUCT_NAME = "$(TARGET_NAME)";
				TEST_HOST = "$(BUILT_PRODUCTS_DIR)/PBFCommonWebview.app/PBFCommonWebview";
			};
			name = Debug;
		};
		ACE742291EAE20E000720C70 /* Release */ = {
			isa = XCBuildConfiguration;
			buildSettings = {
				BUNDLE_LOADER = "$(TEST_HOST)";
				DEVELOPMENT_TEAM = UP84TZHWYP;
				INFOPLIST_FILE = PBFCommonWebviewTests/Info.plist;
				LD_RUNPATH_SEARCH_PATHS = "$(inherited) @executable_path/Frameworks @loader_path/Frameworks";
				PRODUCT_BUNDLE_IDENTIFIER = com.pingan.caifubaoent.PBFCommonWebviewTests;
				PRODUCT_NAME = "$(TARGET_NAME)";
				TEST_HOST = "$(BUILT_PRODUCTS_DIR)/PBFCommonWebview.app/PBFCommonWebview";
			};
			name = Release;
		};
		ACE7422B1EAE20E000720C70 /* Debug */ = {
			isa = XCBuildConfiguration;
			buildSettings = {
				DEVELOPMENT_TEAM = UP84TZHWYP;
				INFOPLIST_FILE = PBFCommonWebviewUITests/Info.plist;
				LD_RUNPATH_SEARCH_PATHS = "$(inherited) @executable_path/Frameworks @loader_path/Frameworks";
				PRODUCT_BUNDLE_IDENTIFIER = com.pingan.caifubaoent.PBFCommonWebviewUITests;
				PRODUCT_NAME = "$(TARGET_NAME)";
				TEST_TARGET_NAME = PBFCommonWebview;
			};
			name = Debug;
		};
		ACE7422C1EAE20E000720C70 /* Release */ = {
			isa = XCBuildConfiguration;
			buildSettings = {
				DEVELOPMENT_TEAM = UP84TZHWYP;
				INFOPLIST_FILE = PBFCommonWebviewUITests/Info.plist;
				LD_RUNPATH_SEARCH_PATHS = "$(inherited) @executable_path/Frameworks @loader_path/Frameworks";
				PRODUCT_BUNDLE_IDENTIFIER = com.pingan.caifubaoent.PBFCommonWebviewUITests;
				PRODUCT_NAME = "$(TARGET_NAME)";
				TEST_TARGET_NAME = PBFCommonWebview;
			};
			name = Release;
		};
/* End XCBuildConfiguration section */

/* Begin XCConfigurationList section */
		ACE741F21EAE20E000720C70 /* Build configuration list for PBXProject "PBFCommonWebview" */ = {
			isa = XCConfigurationList;
			buildConfigurations = (
				ACE742221EAE20E000720C70 /* Debug */,
				ACE742231EAE20E000720C70 /* Release */,
			);
			defaultConfigurationIsVisible = 0;
			defaultConfigurationName = Release;
		};
		ACE742241EAE20E000720C70 /* Build configuration list for PBXNativeTarget "PBFCommonWebview" */ = {
			isa = XCConfigurationList;
			buildConfigurations = (
				ACE742251EAE20E000720C70 /* Debug */,
				ACE742261EAE20E000720C70 /* Release */,
			);
			defaultConfigurationIsVisible = 0;
		};
		ACE742271EAE20E000720C70 /* Build configuration list for PBXNativeTarget "PBFCommonWebviewTests" */ = {
			isa = XCConfigurationList;
			buildConfigurations = (
				ACE742281EAE20E000720C70 /* Debug */,
				ACE742291EAE20E000720C70 /* Release */,
			);
			defaultConfigurationIsVisible = 0;
		};
		ACE7422A1EAE20E000720C70 /* Build configuration list for PBXNativeTarget "PBFCommonWebviewUITests" */ = {
			isa = XCConfigurationList;
			buildConfigurations = (
				ACE7422B1EAE20E000720C70 /* Debug */,
				ACE7422C1EAE20E000720C70 /* Release */,
			);
			defaultConfigurationIsVisible = 0;
		};
/* End XCConfigurationList section */
	};
	rootObject = ACE741EF1EAE20E000720C70 /* Project object */;
}
